
Microsoft Visual Studio Solution File, Format Version 12.00
# Visual Studio Version 17
VisualStudioVersion = 17.8.34330.188
MinimumVisualStudioVersion = 10.0.40219.1
Project("{FAE04EC0-301F-11D3-BF4B-00C04F79EFBC}") = "WebApplication4", "WebApplication4.csproj", "{5392C5CA-6C19-4EE3-8B35-DB8B690921EB}"
EndProject
Global
	GlobalSection(SolutionConfigurationPlatforms) = preSolution
		Debug|Any CPU = Debug|Any CPU
		Release|Any CPU = Release|Any CPU
	EndGlobalSection
	GlobalSection(ProjectConfigurationPlatforms) = postSolution
		{5392C5CA-6C19-4EE3-8B35-DB8B690921EB}.Debug|Any CPU.ActiveCfg = Debug|Any CPU
		{5392C5CA-6C19-4EE3-8B35-DB8B690921EB}.Debug|Any CPU.Build.0 = Debug|Any CPU
		{5392C5CA-6C19-4EE3-8B35-DB8B690921EB}.Release|Any CPU.ActiveCfg = Release|Any CPU
		{5392C5CA-6C19-4EE3-8B35-DB8B690921EB}.Release|Any CPU.Build.0 = Release|Any CPU
	EndGlobalSection
	GlobalSection(SolutionProperties) = preSolution
		HideSolutionNode = FALSE
	EndGlobalSection
	GlobalSection(ExtensibilityGlobals) = postSolution
		SolutionGuid = {EF0FDDFD-D696-49A4-B0CC-A4CC2F8E4D3E}
	EndGlobalSection
EndGlobal
